cfc7749b96f63bd31c3c42b5c471bf756814053e847c10f3eb003417bc523d30  google/apache/robotoslab/LICENSE.txt
786ae192477447d33c6672c3055fba7cbfe45184c9a79e77a14f15716ca05b16  google/apache/robotoslab/RobotoSlab[wght].ttf
bba2c4499c93c9612b90b9825d32b07da52fce2fe57562a1eb6b833553f93c4e  google/ofl/ebgaramond/EBGaramond-Italic[wght].ttf
ef9512f92f6d579e5dc75af59a5a4b1b8b47d2eda89e00b954d44520e5369027  google/ofl/ebgaramond/EBGaramond[wght].ttf
0985066662eb755ed3683ae5482a81a9195b49ce3f7e165cc2388b3dbece7dd7  google/ofl/ebgaramond/OFL.txt
94dec1f18b9275d69e8b4a91b6514bdc18199048347e1c36e1285b11b0b87653  google/ofl/figtree/Figtree-Italic[wght].ttf
26ad3db9b31ff7dde67a91ff515d022d2f495cd506590699cf264f0bfe6fb714  google/ofl/figtree/Figtree[wght].ttf
140d37233e7f3ce7313798befa9600893bcceaf41a55fa0fa5ad52f7f657a268  google/ofl/figtree/OFL.txt
ac27abd6450a64dd94467580a02fe6235156d5b92f2926ebbc8e7489df64e0be  google/ofl/ibmplexmono/IBMPlexMono-Bold.ttf
af4e05a761e98c1adf064c48a6352c9bec1a6ad70982cd2a544149323391f98e  google/ofl/ibmplexmono/IBMPlexMono-BoldItalic.ttf
826b765bd5173b97d521053330a66277edc224f8cc5f1e0035df1d995d5f003c  google/ofl/ibmplexmono/IBMPlexMono-ExtraLight.ttf
8ae22766094bd04c2808a3c9dec812dcf061786c26ebd25eea211ae685eb2c39  google/ofl/ibmplexmono/IBMPlexMono-ExtraLightItalic.ttf
3362fc791b0652193328b862c1c5f23a789bc7288b1617fa63302f88689a2a34  google/ofl/ibmplexmono/IBMPlexMono-Italic.ttf
780bcf65509d72a35ec114b57bcbe220dc6b77d8ea2e9b25e294be3c570c5025  google/ofl/ibmplexmono/IBMPlexMono-Light.ttf
2bb4dd18abb03cb8a0a1ae69a0a10b194e02027b817c7b13126ef4724a7f5c73  google/ofl/ibmplexmono/IBMPlexMono-LightItalic.ttf
a9b4c49bb299e05b5f6c481e7fb5e78943d2793249a0c8874ab574a2d1ea6755  google/ofl/ibmplexmono/IBMPlexMono-Medium.ttf
de6e0f805a15a2a1538be5d1074741298a07ffcba6fa1f4cd93983ff73155a7d  google/ofl/ibmplexmono/IBMPlexMono-MediumItalic.ttf
6a3412f058c7d8dfd9170c41e85ade48e5156ecb89356110ca57a0a27734af46  google/ofl/ibmplexmono/IBMPlexMono-Regular.ttf
d3c38e55c78f5b0f28009fddba4834ec503278936a5986032424c9bd2d23aa46  google/ofl/ibmplexmono/IBMPlexMono-SemiBold.ttf
391ef0e273eb52571eccaab6a6dbddeec48e1d282cb7bf153043512b797ed6f0  google/ofl/ibmplexmono/IBMPlexMono-SemiBoldItalic.ttf
c44c820c14b4f1b818344e5f5dc189cee98b1d5e56b4e80055496c228f3cc7ea  google/ofl/ibmplexmono/IBMPlexMono-Thin.ttf
3782f01f12b444c62be712676646c552fc23443e8fd02d5b5619c6c4b975516d  google/ofl/ibmplexmono/IBMPlexMono-ThinItalic.ttf
7e6b2818edbd8f6a01ae80641cc8f16a51080d08fb4e532be3a0b6f74adb07da  google/ofl/ibmplexmono/OFL.txt
0b94c5e981993764db32bf9c610ecc60cbd34ad77ec2f10ba03c64ab75124d8e  google/ofl/ibmplexsans/IBMPlexSans-Italic[wdth,wght].ttf
3b031aa4216174205bd8471f88a49b91f093169e9e87bd5262242bc5967fe2e3  google/ofl/ibmplexsans/IBMPlexSans[wdth,wght].ttf
7e6b2818edbd8f6a01ae80641cc8f16a51080d08fb4e532be3a0b6f74adb07da  google/ofl/ibmplexsans/OFL.txt
534c02c295999dd86e770457ece1d43db0de9256dd98bf741426f63ae904209e  google/ofl/ibmplexserif/IBMPlexSerif-Bold.ttf
2a32b76ac19c1942bf5942dbbd2a1566e5f1ae9833e421ebcf36d3522715e153  google/ofl/ibmplexserif/IBMPlexSerif-BoldItalic.ttf
e70801926e16dd77c41f4a7c1099f6bab7140f489f03fb80856ec678820be60d  google/ofl/ibmplexserif/IBMPlexSerif-ExtraLight.ttf
f45aca4b4a1402c0c07c4a4665b278eb01aced90b6b719af29e8ae1a2a8bdc43  google/ofl/ibmplexserif/IBMPlexSerif-ExtraLightItalic.ttf
4b75b38be4673527231f49c48818d090c913d5042dd5c747b525bf6185d29ecb  google/ofl/ibmplexserif/IBMPlexSerif-Italic.ttf
698bad1d5e52004cb1d504249bd704cf0aed03740d7ef22d7a533db2bc020f69  google/ofl/ibmplexserif/IBMPlexSerif-Light.ttf
f4e4364e8fb60d9a0a4ed41e5bbe757672b042cdf2a963215035951782de8060  google/ofl/ibmplexserif/IBMPlexSerif-LightItalic.ttf
32925e73e5b4a441df9d23e847f2b8c4046c1fc3db094e90bad8883157811509  google/ofl/ibmplexserif/IBMPlexSerif-Medium.ttf
a3b5c5b291db0b88abf833bd02864adcaa4ba994d9f7d9b790f552e2fd0cbabd  google/ofl/ibmplexserif/IBMPlexSerif-MediumItalic.ttf
e882efa9c41949a528ac2369079ec5ef050c1c996bbd0bacce3c3326d44cf80d  google/ofl/ibmplexserif/IBMPlexSerif-Regular.ttf
27ce4d105591b48f666b228e1e399838a704594efea22b730000951bea700a60  google/ofl/ibmplexserif/IBMPlexSerif-SemiBold.ttf
15f4e3974b83b2459a6a1b252caa356a9a11316deeba45adbc89b46fb4aab820  google/ofl/ibmplexserif/IBMPlexSerif-SemiBoldItalic.ttf
1b4df73116dad2432f2d13337ae347fff71a03b8c1ba2b3e1c06cc98aadba72b  google/ofl/ibmplexserif/IBMPlexSerif-Thin.ttf
772397765d3842e375712a277609783dc1c753653157de3c807c5390d6a1513d  google/ofl/ibmplexserif/IBMPlexSerif-ThinItalic.ttf
7e6b2818edbd8f6a01ae80641cc8f16a51080d08fb4e532be3a0b6f74adb07da  google/ofl/ibmplexserif/OFL.txt
acd98e64795781b2058f07b18475e0ecee2a0fe2b42a49e2f9e37d0d6bf66ce6  google/ofl/inter/Inter-Italic[opsz,wght].ttf
29160a80ff49ddcab2c97711247e08b1fab27a484a329ce8b813d820dc559031  google/ofl/inter/Inter[opsz,wght].ttf
5b9321a4298cfeb6b34354164a1c3afc3db114569984c502b9b35d988fd58c57  google/ofl/inter/OFL.txt
85ae2a5cd3f56baf1ce1c21a851322c58e3d8fbe8e8ad4a4d090a820dd7fe558  google/ofl/jetbrainsmono/JetBrainsMono-Italic[wght].ttf
48715a42ec242c21e9f02692891e147d022299a52e48d5e413e1a942193ffeda  google/ofl/jetbrainsmono/JetBrainsMono[wght].ttf
b2fe5e8987594e9ffd1d2ca52a2f5d73eb8335243893c5d6254b5ad69269591d  google/ofl/jetbrainsmono/OFL.txt
58e6e0ebd1931b29a365aa2d3e2ee9a9e831a3af7cf3ad1462d4e72154f0b291  google/ofl/notosans/NotoSans-Italic[wdth,wght].ttf
bfb7bb691513f12e734dc346c03a03f784912432d7e3fa8e56efcf906fe86b3d  google/ofl/notosans/NotoSans[wdth,wght].ttf
cee9892f9f0cc8fe882c9e9537ee6a89621d86ee7ceaf70b02e2b2b1c25c061a  google/ofl/notosans/OFL.txt
e87acbc6c0efd0d9a20d6a8cbbda2b266c14be3a3a6f5af8ec9d7b2460570ad1  google/ofl/notoserif/NotoSerif-Italic[wdth,wght].ttf
4d8e6761424656867019081a1a01336f3cb086982682698714054fc33f782713  google/ofl/notoserif/NotoSerif[wdth,wght].ttf
cee9892f9f0cc8fe882c9e9537ee6a89621d86ee7ceaf70b02e2b2b1c25c061a  google/ofl/notoserif/OFL.txt
36c285c5472c625901d4a13da7e31c5ea6126678d31d56cf95572c49f27c8950  google/ofl/passionone/OFL.txt
c954dbac8835bf16f938f8d97fe1627d47aa122d60246169ff55cec772949e96  google/ofl/passionone/PassionOne-Black.ttf
3a7249909b2e56e831f8a357a4ee549e9c5945cd003f0e5e3bd8791a76d98b7e  google/ofl/passionone/PassionOne-Bold.ttf
86fea5001e5d751cf5696f0ecd4754db80918adbb12658add959f5bcdc92b09b  google/ofl/passionone/PassionOne-Regular.ttf
061402327a96aadb0bfb694a960ed289ecd38d383e396243831ab81feb109c41  google/ofl/roboto/OFL.txt
9725a847af6b460ffca162ae66d20dad48b01876137947180b42d7dcd7887182  google/ofl/roboto/Roboto-Italic[wdth,wght].ttf
d7598e12c5dbef095ff8272cfc55da0250bd07fbdecbac8a530b9b277872a134  google/ofl/roboto/Roboto[wdth,wght].ttf
09746787287a289323b0ec3cff4d1a4a801331b82b7207c1e186f5d26619a392  google/ofl/sourcesans3/OFL.txt
39e3ab05ccd7cb94907c31005bb5bec1d5432f0b096a2b782976e217a540eb6c  google/ofl/sourcesans3/SourceSans3-Italic[wght].ttf
042fe2cc0b933e328410d7acbd0aa6a1873dca5aef81875f4bc214b08825c7b9  google/ofl/sourcesans3/SourceSans3[wght].ttf
5f94c3fd3a23131a417ab5a0c8452de57e70c3cfb9f604d88241f7065ebf9fd9  google/ofl/sourceserif4/OFL.txt
15fbc7e4679489a501998c3669272637a6646388ef7e4bd77eebb5bf967a1f42  google/ofl/sourceserif4/SourceSerif4-Italic[opsz,wght].ttf
97b2d4da6e3cb494b5a1e66ae176914d852ccabef49e0c02c0df25f3e39aca0b  google/ofl/sourceserif4/SourceSerif4[opsz,wght].ttf
564ce565c371c5e5bbf286006565a7c9aa55a9f56e7ca58d56e05d649dd61a72  google/ofl/spacegrotesk/OFL.txt
acad6de1fc93436f5c0f1f4137751ef04f1aea3063e7036535970ffcfbd79f72  google/ofl/spacegrotesk/SpaceGrotesk[wght].ttf
